{
    "_meta": {
        "hash": {
            "sha256": "d0d0fac5fa960457657f35c965255a6cdb046ea1e0f353c077cce7ed6e521741"
        },
        "pipfile-spec": 6,
        "requires": {
            "python_full_version": "3.12.6",
            "python_version": "3.12"
        },
        "sources": [
            {
                "name": "pypi",
                "url": "https://pypi.org/simple",
                "verify_ssl": true
            }
        ]
    },
    "default": {
        "dnspython": {
            "hashes": [
                "sha256:b4c34b7d10b51bcc3a5071e7b8dee77939f1e878477eeecc965e9835f63c6c86",
                "sha256:ce9c432eda0dc91cf618a5cedf1a4e142651196bbcd2c80e89ed5a907e5cfaf1"
            ],
            "index": "pypi",
            "markers": "python_version >= '3.9'",
            "version": "==2.7.0"
        }
    },
    "develop": {}
}
